
Microsoft Visual Studio Solution File, Format Version 12.00
# Visual Studio 14
VisualStudioVersion = 14.0.23107.0
MinimumVisualStudioVersion = 10.0.40219.1
Project("{FAE04EC0-301F-11D3-BF4B-00C04F79EFBC}") = "CoffeeDrinkCount.Droid", "CoffeeDrinkCount\CoffeeDrinkCount.Droid\CoffeeDrinkCount.Droid.csproj", "{A2CA7E42-4F38-4702-95C9-BC819641F697}"
EndProject
Project("{FAE04EC0-301F-11D3-BF4B-00C04F79EFBC}") = "CoffeeDrinkCount.iOS", "CoffeeDrinkCount\CoffeeDrinkCount.iOS\CoffeeDrinkCount.iOS.csproj", "{C84C073B-A02A-436F-B7CF-2D88C2DBB86F}"
EndProject
Project("{FAE04EC0-301F-11D3-BF4B-00C04F79EFBC}") = "CoffeeDrinkCount.WinPhone", "CoffeeDrinkCount\CoffeeDrinkCount.WinPhone\CoffeeDrinkCount.WinPhone.csproj", "{06EDD910-13D0-4CB8-BB32-A2826230D077}"
EndProject
Project("{FAE04EC0-301F-11D3-BF4B-00C04F79EFBC}") = "CoffeeDrinkCount.UWP", "CoffeeDrinkCount\CoffeeDrinkCount.UWP\CoffeeDrinkCount.UWP.csproj", "{2478DBB9-210E-4D55-A563-1E610AA8C531}"
EndProject
Project("{FAE04EC0-301F-11D3-BF4B-00C04F79EFBC}") = "CoffeeDrinkCount.Windows", "CoffeeDrinkCount\CoffeeDrinkCount.Windows\CoffeeDrinkCount.Windows.csproj", "{61DAD627-1A3A-4E1D-B1E3-8CB30ECF749A}"
EndProject
Project("{FAE04EC0-301F-11D3-BF4B-00C04F79EFBC}") = "CoffeeDrinkCount", "CoffeeDrinkCount\CoffeeDrinkCount\CoffeeDrinkCount.csproj", "{4B0374C8-1C1B-4B78-A36B-384935FD3712}"
EndProject
Global
	GlobalSection(SolutionConfigurationPlatforms) = preSolution
		Ad-Hoc|Any CPU = Ad-Hoc|Any CPU
		Ad-Hoc|ARM = Ad-Hoc|ARM
		Ad-Hoc|iPhone = Ad-Hoc|iPhone
		Ad-Hoc|iPhoneSimulator = Ad-Hoc|iPhoneSimulator
		Ad-Hoc|x64 = Ad-Hoc|x64
		Ad-Hoc|x86 = Ad-Hoc|x86
		AppStore|Any CPU = AppStore|Any CPU
		AppStore|ARM = AppStore|ARM
		AppStore|iPhone = AppStore|iPhone
		AppStore|iPhoneSimulator = AppStore|iPhoneSimulator
		AppStore|x64 = AppStore|x64
		AppStore|x86 = AppStore|x86
		Debug|Any CPU = Debug|Any CPU
		Debug|ARM = Debug|ARM
		Debug|iPhone = Debug|iPhone
		Debug|iPhoneSimulator = Debug|iPhoneSimulator
		Debug|x64 = Debug|x64
		Debug|x86 = Debug|x86
		Release|Any CPU = Release|Any CPU
		Release|ARM = Release|ARM
		Release|iPhone = Release|iPhone
		Release|iPhoneSimulator = Release|iPhoneSimulator
		Release|x64 = Release|x64
		Release|x86 = Release|x86
	EndGlobalSection
	GlobalSection(ProjectConfigurationPlatforms) = postSolution
		{A2CA7E42-4F38-4702-95C9-BC819641F697}.Ad-Hoc|Any CPU.ActiveCfg = Release|Any CPU
		{A2CA7E42-4F38-4702-95C9-BC819641F697}.Ad-Hoc|Any CPU.Build.0 = Release|Any CPU
		{A2CA7E42-4F38-4702-95C9-BC819641F697}.Ad-Hoc|Any CPU.Deploy.0 = Release|Any CPU
		{A2CA7E42-4F38-4702-95C9-BC819641F697}.Ad-Hoc|ARM.ActiveCfg = Release|Any CPU
		{A2CA7E42-4F38-4702-95C9-BC819641F697}.Ad-Hoc|ARM.Build.0 = Release|Any CPU
		{A2CA7E42-4F38-4702-95C9-BC819641F697}.Ad-Hoc|ARM.Deploy.0 = Release|Any CPU
		{A2CA7E42-4F38-4702-95C9-BC819641F697}.Ad-Hoc|iPhone.ActiveCfg = Release|Any CPU
		{A2CA7E42-4F38-4702-95C9-BC819641F697}.Ad-Hoc|iPhone.Build.0 = Release|Any CPU
		{A2CA7E42-4F38-4702-95C9-BC819641F697}.Ad-Hoc|iPhone.Deploy.0 = Release|Any CPU
		{A2CA7E42-4F38-4702-95C9-BC819641F697}.Ad-Hoc|iPhoneSimulator.ActiveCfg = Release|Any CPU
		{A2CA7E42-4F38-4702-95C9-BC819641F697}.Ad-Hoc|iPhoneSimulator.Build.0 = Release|Any CPU
		{A2CA7E42-4F38-4702-95C9-BC819641F697}.Ad-Hoc|iPhoneSimulator.Deploy.0 = Release|Any CPU
		{A2CA7E42-4F38-4702-95C9-BC819641F697}.Ad-Hoc|x64.ActiveCfg = Release|Any CPU
		{A2CA7E42-4F38-4702-95C9-BC819641F697}.Ad-Hoc|x64.Build.0 = Release|Any CPU
		{A2CA7E42-4F38-4702-95C9-BC819641F697}.Ad-Hoc|x64.Deploy.0 = Release|Any CPU
		{A2CA7E42-4F38-4702-95C9-BC819641F697}.Ad-Hoc|x86.ActiveCfg = Release|Any CPU
		{A2CA7E42-4F38-4702-95C9-BC819641F697}.Ad-Hoc|x86.Build.0 = Release|Any CPU
		{A2CA7E42-4F38-4702-95C9-BC819641F697}.Ad-Hoc|x86.Deploy.0 = Release|Any CPU
		{A2CA7E42-4F38-4702-95C9-BC819641F697}.AppStore|Any CPU.ActiveCfg = Release|Any CPU
		{A2CA7E42-4F38-4702-95C9-BC819641F697}.AppStore|Any CPU.Build.0 = Release|Any CPU
		{A2CA7E42-4F38-4702-95C9-BC819641F697}.AppStore|Any CPU.Deploy.0 = Release|Any CPU
		{A2CA7E42-4F38-4702-95C9-BC819641F697}.AppStore|ARM.ActiveCfg = Release|Any CPU
		{A2CA7E42-4F38-4702-95C9-BC819641F697}.AppStore|ARM.Build.0 = Release|Any CPU
		{A2CA7E42-4F38-4702-95C9-BC819641F697}.AppStore|ARM.Deploy.0 = Release|Any CPU
		{A2CA7E42-4F38-4702-95C9-BC819641F697}.AppStore|iPhone.ActiveCfg = Release|Any CPU
		{A2CA7E42-4F38-4702-95C9-BC819641F697}.AppStore|iPhone.Build.0 = Release|Any CPU
		{A2CA7E42-4F38-4702-95C9-BC819641F697}.AppStore|iPhone.Deploy.0 = Release|Any CPU
		{A2CA7E42-4F38-4702-95C9-BC819641F697}.AppStore|iPhoneSimulator.ActiveCfg = Release|Any CPU
		{A2CA7E42-4F38-4702-95C9-BC819641F697}.AppStore|iPhoneSimulator.Build.0 = Release|Any CPU
		{A2CA7E42-4F38-4702-95C9-BC819641F697}.AppStore|iPhoneSimulator.Deploy.0 = Release|Any CPU
		{A2CA7E42-4F38-4702-95C9-BC819641F697}.AppStore|x64.ActiveCfg = Release|Any CPU
		{A2CA7E42-4F38-4702-95C9-BC819641F697}.AppStore|x64.Build.0 = Release|Any CPU
		{A2CA7E42-4F38-4702-95C9-BC819641F697}.AppStore|x64.Deploy.0 = Release|Any CPU
		{A2CA7E42-4F38-4702-95C9-BC819641F697}.AppStore|x86.ActiveCfg = Release|Any CPU
		{A2CA7E42-4F38-4702-95C9-BC819641F697}.AppStore|x86.Build.0 = Release|Any CPU
		{A2CA7E42-4F38-4702-95C9-BC819641F697}.AppStore|x86.Deploy.0 = Release|Any CPU
		{A2CA7E42-4F38-4702-95C9-BC819641F697}.Debug|Any CPU.ActiveCfg = Debug|Any CPU
		{A2CA7E42-4F38-4702-95C9-BC819641F697}.Debug|Any CPU.Build.0 = Debug|Any CPU
		{A2CA7E42-4F38-4702-95C9-BC819641F697}.Debug|Any CPU.Deploy.0 = Debug|Any CPU
		{A2CA7E42-4F38-4702-95C9-BC819641F697}.Debug|ARM.ActiveCfg = Debug|Any CPU
		{A2CA7E42-4F38-4702-95C9-BC819641F697}.Debug|ARM.Build.0 = Debug|Any CPU
		{A2CA7E42-4F38-4702-95C9-BC819641F697}.Debug|ARM.Deploy.0 = Debug|Any CPU
		{A2CA7E42-4F38-4702-95C9-BC819641F697}.Debug|iPhone.ActiveCfg = Debug|Any CPU
		{A2CA7E42-4F38-4702-95C9-BC819641F697}.Debug|iPhone.Build.0 = Debug|Any CPU
		{A2CA7E42-4F38-4702-95C9-BC819641F697}.Debug|iPhone.Deploy.0 = Debug|Any CPU
		{A2CA7E42-4F38-4702-95C9-BC819641F697}.Debug|iPhoneSimulator.ActiveCfg = Debug|Any CPU
		{A2CA7E42-4F38-4702-95C9-BC819641F697}.Debug|iPhoneSimulator.Build.0 = Debug|Any CPU
		{A2CA7E42-4F38-4702-95C9-BC819641F697}.Debug|iPhoneSimulator.Deploy.0 = Debug|Any CPU
		{A2CA7E42-4F38-4702-95C9-BC819641F697}.Debug|x64.ActiveCfg = Debug|Any CPU
		{A2CA7E42-4F38-4702-95C9-BC819641F697}.Debug|x64.Build.0 = Debug|Any CPU
		{A2CA7E42-4F38-4702-95C9-BC819641F697}.Debug|x64.Deploy.0 = Debug|Any CPU
		{A2CA7E42-4F38-4702-95C9-BC819641F697}.Debug|x86.ActiveCfg = Debug|Any CPU
		{A2CA7E42-4F38-4702-95C9-BC819641F697}.Debug|x86.Build.0 = Debug|Any CPU
		{A2CA7E42-4F38-4702-95C9-BC819641F697}.Debug|x86.Deploy.0 = Debug|Any CPU
		{A2CA7E42-4F38-4702-95C9-BC819641F697}.Release|Any CPU.ActiveCfg = Release|Any CPU
		{A2CA7E42-4F38-4702-95C9-BC819641F697}.Release|Any CPU.Build.0 = Release|Any CPU
		{A2CA7E42-4F38-4702-95C9-BC819641F697}.Release|Any CPU.Deploy.0 = Release|Any CPU
		{A2CA7E42-4F38-4702-95C9-BC819641F697}.Release|ARM.ActiveCfg = Release|Any CPU
		{A2CA7E42-4F38-4702-95C9-BC819641F697}.Release|ARM.Build.0 = Release|Any CPU
		{A2CA7E42-4F38-4702-95C9-BC819641F697}.Release|ARM.Deploy.0 = Release|Any CPU
		{A2CA7E42-4F38-4702-95C9-BC819641F697}.Release|iPhone.ActiveCfg = Release|Any CPU
		{A2CA7E42-4F38-4702-95C9-BC819641F697}.Release|iPhone.Build.0 = Release|Any CPU
		{A2CA7E42-4F38-4702-95C9-BC819641F697}.Release|iPhone.Deploy.0 = Release|Any CPU
		{A2CA7E42-4F38-4702-95C9-BC819641F697}.Release|iPhoneSimulator.ActiveCfg = Release|Any CPU
		{A2CA7E42-4F38-4702-95C9-BC819641F697}.Release|iPhoneSimulator.Build.0 = Release|Any CPU
		{A2CA7E42-4F38-4702-95C9-BC819641F697}.Release|iPhoneSimulator.Deploy.0 = Release|Any CPU
		{A2CA7E42-4F38-4702-95C9-BC819641F697}.Release|x64.ActiveCfg = Release|Any CPU
		{A2CA7E42-4F38-4702-95C9-BC819641F697}.Release|x64.Build.0 = Release|Any CPU
		{A2CA7E42-4F38-4702-95C9-BC819641F697}.Release|x64.Deploy.0 = Release|Any CPU
		{A2CA7E42-4F38-4702-95C9-BC819641F697}.Release|x86.ActiveCfg = Release|Any CPU
		{A2CA7E42-4F38-4702-95C9-BC819641F697}.Release|x86.Build.0 = Release|Any CPU
		{A2CA7E42-4F38-4702-95C9-BC819641F697}.Release|x86.Deploy.0 = Release|Any CPU
		{C84C073B-A02A-436F-B7CF-2D88C2DBB86F}.Ad-Hoc|Any CPU.ActiveCfg = Ad-Hoc|iPhone
		{C84C073B-A02A-436F-B7CF-2D88C2DBB86F}.Ad-Hoc|ARM.ActiveCfg = Ad-Hoc|iPhone
		{C84C073B-A02A-436F-B7CF-2D88C2DBB86F}.Ad-Hoc|iPhone.ActiveCfg = Ad-Hoc|iPhone
		{C84C073B-A02A-436F-B7CF-2D88C2DBB86F}.Ad-Hoc|iPhone.Build.0 = Ad-Hoc|iPhone
		{C84C073B-A02A-436F-B7CF-2D88C2DBB86F}.Ad-Hoc|iPhoneSimulator.ActiveCfg = Ad-Hoc|iPhoneSimulator
		{C84C073B-A02A-436F-B7CF-2D88C2DBB86F}.Ad-Hoc|iPhoneSimulator.Build.0 = Ad-Hoc|iPhoneSimulator
		{C84C073B-A02A-436F-B7CF-2D88C2DBB86F}.Ad-Hoc|x64.ActiveCfg = Ad-Hoc|iPhone
		{C84C073B-A02A-436F-B7CF-2D88C2DBB86F}.Ad-Hoc|x86.ActiveCfg = Ad-Hoc|iPhone
		{C84C073B-A02A-436F-B7CF-2D88C2DBB86F}.AppStore|Any CPU.ActiveCfg = AppStore|iPhone
		{C84C073B-A02A-436F-B7CF-2D88C2DBB86F}.AppStore|ARM.ActiveCfg = AppStore|iPhone
		{C84C073B-A02A-436F-B7CF-2D88C2DBB86F}.AppStore|iPhone.ActiveCfg = AppStore|iPhone
		{C84C073B-A02A-436F-B7CF-2D88C2DBB86F}.AppStore|iPhone.Build.0 = AppStore|iPhone
		{C84C073B-A02A-436F-B7CF-2D88C2DBB86F}.AppStore|iPhoneSimulator.ActiveCfg = AppStore|iPhoneSimulator
		{C84C073B-A02A-436F-B7CF-2D88C2DBB86F}.AppStore|iPhoneSimulator.Build.0 = AppStore|iPhoneSimulator
		{C84C073B-A02A-436F-B7CF-2D88C2DBB86F}.AppStore|x64.ActiveCfg = AppStore|iPhone
		{C84C073B-A02A-436F-B7CF-2D88C2DBB86F}.AppStore|x86.ActiveCfg = AppStore|iPhone
		{C84C073B-A02A-436F-B7CF-2D88C2DBB86F}.Debug|Any CPU.ActiveCfg = Debug|iPhone
		{C84C073B-A02A-436F-B7CF-2D88C2DBB86F}.Debug|ARM.ActiveCfg = Debug|iPhone
		{C84C073B-A02A-436F-B7CF-2D88C2DBB86F}.Debug|iPhone.ActiveCfg = Debug|iPhone
		{C84C073B-A02A-436F-B7CF-2D88C2DBB86F}.Debug|iPhone.Build.0 = Debug|iPhone
		{C84C073B-A02A-436F-B7CF-2D88C2DBB86F}.Debug|iPhoneSimulator.ActiveCfg = Debug|iPhoneSimulator
		{C84C073B-A02A-436F-B7CF-2D88C2DBB86F}.Debug|iPhoneSimulator.Build.0 = Debug|iPhoneSimulator
		{C84C073B-A02A-436F-B7CF-2D88C2DBB86F}.Debug|x64.ActiveCfg = Debug|iPhone
		{C84C073B-A02A-436F-B7CF-2D88C2DBB86F}.Debug|x86.ActiveCfg = Debug|iPhone
		{C84C073B-A02A-436F-B7CF-2D88C2DBB86F}.Release|Any CPU.ActiveCfg = Release|iPhone
		{C84C073B-A02A-436F-B7CF-2D88C2DBB86F}.Release|ARM.ActiveCfg = Release|iPhone
		{C84C073B-A02A-436F-B7CF-2D88C2DBB86F}.Release|iPhone.ActiveCfg = Release|iPhone
		{C84C073B-A02A-436F-B7CF-2D88C2DBB86F}.Release|iPhone.Build.0 = Release|iPhone
		{C84C073B-A02A-436F-B7CF-2D88C2DBB86F}.Release|iPhoneSimulator.ActiveCfg = Release|iPhoneSimulator
		{C84C073B-A02A-436F-B7CF-2D88C2DBB86F}.Release|iPhoneSimulator.Build.0 = Release|iPhoneSimulator
		{C84C073B-A02A-436F-B7CF-2D88C2DBB86F}.Release|x64.ActiveCfg = Release|iPhone
		{C84C073B-A02A-436F-B7CF-2D88C2DBB86F}.Release|x86.ActiveCfg = Release|iPhone
		{06EDD910-13D0-4CB8-BB32-A2826230D077}.Ad-Hoc|Any CPU.ActiveCfg = Release|Any CPU
		{06EDD910-13D0-4CB8-BB32-A2826230D077}.Ad-Hoc|Any CPU.Build.0 = Release|Any CPU
		{06EDD910-13D0-4CB8-BB32-A2826230D077}.Ad-Hoc|Any CPU.Deploy.0 = Release|Any CPU
		{06EDD910-13D0-4CB8-BB32-A2826230D077}.Ad-Hoc|ARM.ActiveCfg = Release|ARM
		{06EDD910-13D0-4CB8-BB32-A2826230D077}.Ad-Hoc|ARM.Build.0 = Release|ARM
		{06EDD910-13D0-4CB8-BB32-A2826230D077}.Ad-Hoc|ARM.Deploy.0 = Release|ARM
		{06EDD910-13D0-4CB8-BB32-A2826230D077}.Ad-Hoc|iPhone.ActiveCfg = Release|Any CPU
		{06EDD910-13D0-4CB8-BB32-A2826230D077}.Ad-Hoc|iPhone.Build.0 = Release|Any CPU
		{06EDD910-13D0-4CB8-BB32-A2826230D077}.Ad-Hoc|iPhone.Deploy.0 = Release|Any CPU
		{06EDD910-13D0-4CB8-BB32-A2826230D077}.Ad-Hoc|iPhoneSimulator.ActiveCfg = Release|Any CPU
		{06EDD910-13D0-4CB8-BB32-A2826230D077}.Ad-Hoc|iPhoneSimulator.Build.0 = Release|Any CPU
		{06EDD910-13D0-4CB8-BB32-A2826230D077}.Ad-Hoc|iPhoneSimulator.Deploy.0 = Release|Any CPU
		{06EDD910-13D0-4CB8-BB32-A2826230D077}.Ad-Hoc|x64.ActiveCfg = Release|Any CPU
		{06EDD910-13D0-4CB8-BB32-A2826230D077}.Ad-Hoc|x64.Build.0 = Release|Any CPU
		{06EDD910-13D0-4CB8-BB32-A2826230D077}.Ad-Hoc|x64.Deploy.0 = Release|Any CPU
		{06EDD910-13D0-4CB8-BB32-A2826230D077}.Ad-Hoc|x86.ActiveCfg = Release|x86
		{06EDD910-13D0-4CB8-BB32-A2826230D077}.Ad-Hoc|x86.Build.0 = Release|x86
		{06EDD910-13D0-4CB8-BB32-A2826230D077}.Ad-Hoc|x86.Deploy.0 = Release|x86
		{06EDD910-13D0-4CB8-BB32-A2826230D077}.AppStore|Any CPU.ActiveCfg = Release|Any CPU
		{06EDD910-13D0-4CB8-BB32-A2826230D077}.AppStore|Any CPU.Build.0 = Release|Any CPU
		{06EDD910-13D0-4CB8-BB32-A2826230D077}.AppStore|Any CPU.Deploy.0 = Release|Any CPU
		{06EDD910-13D0-4CB8-BB32-A2826230D077}.AppStore|ARM.ActiveCfg = Release|ARM
		{06EDD910-13D0-4CB8-BB32-A2826230D077}.AppStore|ARM.Build.0 = Release|ARM
		{06EDD910-13D0-4CB8-BB32-A2826230D077}.AppStore|ARM.Deploy.0 = Release|ARM
		{06EDD910-13D0-4CB8-BB32-A2826230D077}.AppStore|iPhone.ActiveCfg = Release|Any CPU
		{06EDD910-13D0-4CB8-BB32-A2826230D077}.AppStore|iPhone.Build.0 = Release|Any CPU
		{06EDD910-13D0-4CB8-BB32-A2826230D077}.AppStore|iPhone.Deploy.0 = Release|Any CPU
		{06EDD910-13D0-4CB8-BB32-A2826230D077}.AppStore|iPhoneSimulator.ActiveCfg = Release|Any CPU
		{06EDD910-13D0-4CB8-BB32-A2826230D077}.AppStore|iPhoneSimulator.Build.0 = Release|Any CPU
		{06EDD910-13D0-4CB8-BB32-A2826230D077}.AppStore|iPhoneSimulator.Deploy.0 = Release|Any CPU
		{06EDD910-13D0-4CB8-BB32-A2826230D077}.AppStore|x64.ActiveCfg = Release|Any CPU
		{06EDD910-13D0-4CB8-BB32-A2826230D077}.AppStore|x64.Build.0 = Release|Any CPU
		{06EDD910-13D0-4CB8-BB32-A2826230D077}.AppStore|x64.Deploy.0 = Release|Any CPU
		{06EDD910-13D0-4CB8-BB32-A2826230D077}.AppStore|x86.ActiveCfg = Release|x86
		{06EDD910-13D0-4CB8-BB32-A2826230D077}.AppStore|x86.Build.0 = Release|x86
		{06EDD910-13D0-4CB8-BB32-A2826230D077}.AppStore|x86.Deploy.0 = Release|x86
		{06EDD910-13D0-4CB8-BB32-A2826230D077}.Debug|Any CPU.ActiveCfg = Debug|Any CPU
		{06EDD910-13D0-4CB8-BB32-A2826230D077}.Debug|Any CPU.Build.0 = Debug|Any CPU
		{06EDD910-13D0-4CB8-BB32-A2826230D077}.Debug|Any CPU.Deploy.0 = Debug|Any CPU
		{06EDD910-13D0-4CB8-BB32-A2826230D077}.Debug|ARM.ActiveCfg = Debug|ARM
		{06EDD910-13D0-4CB8-BB32-A2826230D077}.Debug|ARM.Build.0 = Debug|ARM
		{06EDD910-13D0-4CB8-BB32-A2826230D077}.Debug|ARM.Deploy.0 = Debug|ARM
		{06EDD910-13D0-4CB8-BB32-A2826230D077}.Debug|iPhone.ActiveCfg = Debug|Any CPU
		{06EDD910-13D0-4CB8-BB32-A2826230D077}.Debug|iPhone.Build.0 = Debug|Any CPU
		{06EDD910-13D0-4CB8-BB32-A2826230D077}.Debug|iPhone.Deploy.0 = Debug|Any CPU
		{06EDD910-13D0-4CB8-BB32-A2826230D077}.Debug|iPhoneSimulator.ActiveCfg = Debug|Any CPU
		{06EDD910-13D0-4CB8-BB32-A2826230D077}.Debug|iPhoneSimulator.Build.0 = Debug|Any CPU
		{06EDD910-13D0-4CB8-BB32-A2826230D077}.Debug|iPhoneSimulator.Deploy.0 = Debug|Any CPU
		{06EDD910-13D0-4CB8-BB32-A2826230D077}.Debug|x64.ActiveCfg = Debug|Any CPU
		{06EDD910-13D0-4CB8-BB32-A2826230D077}.Debug|x64.Build.0 = Debug|Any CPU
		{06EDD910-13D0-4CB8-BB32-A2826230D077}.Debug|x64.Deploy.0 = Debug|Any CPU
		{06EDD910-13D0-4CB8-BB32-A2826230D077}.Debug|x86.ActiveCfg = Debug|x86
		{06EDD910-13D0-4CB8-BB32-A2826230D077}.Debug|x86.Build.0 = Debug|x86
		{06EDD910-13D0-4CB8-BB32-A2826230D077}.Debug|x86.Deploy.0 = Debug|x86
		{06EDD910-13D0-4CB8-BB32-A2826230D077}.Release|Any CPU.ActiveCfg = Release|Any CPU
		{06EDD910-13D0-4CB8-BB32-A2826230D077}.Release|Any CPU.Build.0 = Release|Any CPU
		{06EDD910-13D0-4CB8-BB32-A2826230D077}.Release|Any CPU.Deploy.0 = Release|Any CPU
		{06EDD910-13D0-4CB8-BB32-A2826230D077}.Release|ARM.ActiveCfg = Release|ARM
		{06EDD910-13D0-4CB8-BB32-A2826230D077}.Release|ARM.Build.0 = Release|ARM
		{06EDD910-13D0-4CB8-BB32-A2826230D077}.Release|ARM.Deploy.0 = Release|ARM
		{06EDD910-13D0-4CB8-BB32-A2826230D077}.Release|iPhone.ActiveCfg = Release|Any CPU
		{06EDD910-13D0-4CB8-BB32-A2826230D077}.Release|iPhone.Build.0 = Release|Any CPU
		{06EDD910-13D0-4CB8-BB32-A2826230D077}.Release|iPhone.Deploy.0 = Release|Any CPU
		{06EDD910-13D0-4CB8-BB32-A2826230D077}.Release|iPhoneSimulator.ActiveCfg = Release|Any CPU
		{06EDD910-13D0-4CB8-BB32-A2826230D077}.Release|iPhoneSimulator.Build.0 = Release|Any CPU
		{06EDD910-13D0-4CB8-BB32-A2826230D077}.Release|iPhoneSimulator.Deploy.0 = Release|Any CPU
		{06EDD910-13D0-4CB8-BB32-A2826230D077}.Release|x64.ActiveCfg = Release|Any CPU
		{06EDD910-13D0-4CB8-BB32-A2826230D077}.Release|x64.Build.0 = Release|Any CPU
		{06EDD910-13D0-4CB8-BB32-A2826230D077}.Release|x64.Deploy.0 = Release|Any CPU
		{06EDD910-13D0-4CB8-BB32-A2826230D077}.Release|x86.ActiveCfg = Release|x86
		{06EDD910-13D0-4CB8-BB32-A2826230D077}.Release|x86.Build.0 = Release|x86
		{06EDD910-13D0-4CB8-BB32-A2826230D077}.Release|x86.Deploy.0 = Release|x86
		{2478DBB9-210E-4D55-A563-1E610AA8C531}.Ad-Hoc|Any CPU.ActiveCfg = Release|x86
		{2478DBB9-210E-4D55-A563-1E610AA8C531}.Ad-Hoc|Any CPU.Build.0 = Release|x86
		{2478DBB9-210E-4D55-A563-1E610AA8C531}.Ad-Hoc|Any CPU.Deploy.0 = Release|x86
		{2478DBB9-210E-4D55-A563-1E610AA8C531}.Ad-Hoc|ARM.ActiveCfg = Release|ARM
		{2478DBB9-210E-4D55-A563-1E610AA8C531}.Ad-Hoc|ARM.Build.0 = Release|ARM
		{2478DBB9-210E-4D55-A563-1E610AA8C531}.Ad-Hoc|ARM.Deploy.0 = Release|ARM
		{2478DBB9-210E-4D55-A563-1E610AA8C531}.Ad-Hoc|iPhone.ActiveCfg = Release|x86
		{2478DBB9-210E-4D55-A563-1E610AA8C531}.Ad-Hoc|iPhone.Build.0 = Release|x86
		{2478DBB9-210E-4D55-A563-1E610AA8C531}.Ad-Hoc|iPhone.Deploy.0 = Release|x86
		{2478DBB9-210E-4D55-A563-1E610AA8C531}.Ad-Hoc|iPhoneSimulator.ActiveCfg = Release|x86
		{2478DBB9-210E-4D55-A563-1E610AA8C531}.Ad-Hoc|iPhoneSimulator.Build.0 = Release|x86
		{2478DBB9-210E-4D55-A563-1E610AA8C531}.Ad-Hoc|iPhoneSimulator.Deploy.0 = Release|x86
		{2478DBB9-210E-4D55-A563-1E610AA8C531}.Ad-Hoc|x64.ActiveCfg = Release|x64
		{2478DBB9-210E-4D55-A563-1E610AA8C531}.Ad-Hoc|x64.Build.0 = Release|x64
		{2478DBB9-210E-4D55-A563-1E610AA8C531}.Ad-Hoc|x64.Deploy.0 = Release|x64
		{2478DBB9-210E-4D55-A563-1E610AA8C531}.Ad-Hoc|x86.ActiveCfg = Release|x86
		{2478DBB9-210E-4D55-A563-1E610AA8C531}.Ad-Hoc|x86.Build.0 = Release|x86
		{2478DBB9-210E-4D55-A563-1E610AA8C531}.Ad-Hoc|x86.Deploy.0 = Release|x86
		{2478DBB9-210E-4D55-A563-1E610AA8C531}.AppStore|Any CPU.ActiveCfg = Release|x86
		{2478DBB9-210E-4D55-A563-1E610AA8C531}.AppStore|Any CPU.Build.0 = Release|x86
		{2478DBB9-210E-4D55-A563-1E610AA8C531}.AppStore|Any CPU.Deploy.0 = Release|x86
		{2478DBB9-210E-4D55-A563-1E610AA8C531}.AppStore|ARM.ActiveCfg = Release|ARM
		{2478DBB9-210E-4D55-A563-1E610AA8C531}.AppStore|ARM.Build.0 = Release|ARM
		{2478DBB9-210E-4D55-A563-1E610AA8C531}.AppStore|ARM.Deploy.0 = Release|ARM
		{2478DBB9-210E-4D55-A563-1E610AA8C531}.AppStore|iPhone.ActiveCfg = Release|x86
		{2478DBB9-210E-4D55-A563-1E610AA8C531}.AppStore|iPhone.Build.0 = Release|x86
		{2478DBB9-210E-4D55-A563-1E610AA8C531}.AppStore|iPhone.Deploy.0 = Release|x86
		{2478DBB9-210E-4D55-A563-1E610AA8C531}.AppStore|iPhoneSimulator.ActiveCfg = Release|x86
		{2478DBB9-210E-4D55-A563-1E610AA8C531}.AppStore|iPhoneSimulator.Build.0 = Release|x86
		{2478DBB9-210E-4D55-A563-1E610AA8C531}.AppStore|iPhoneSimulator.Deploy.0 = Release|x86
		{2478DBB9-210E-4D55-A563-1E610AA8C531}.AppStore|x64.ActiveCfg = Release|x64
		{2478DBB9-210E-4D55-A563-1E610AA8C531}.AppStore|x64.Build.0 = Release|x64
		{2478DBB9-210E-4D55-A563-1E610AA8C531}.AppStore|x64.Deploy.0 = Release|x64
		{2478DBB9-210E-4D55-A563-1E610AA8C531}.AppStore|x86.ActiveCfg = Release|x86
		{2478DBB9-210E-4D55-A563-1E610AA8C531}.AppStore|x86.Build.0 = Release|x86
		{2478DBB9-210E-4D55-A563-1E610AA8C531}.AppStore|x86.Deploy.0 = Release|x86
		{2478DBB9-210E-4D55-A563-1E610AA8C531}.Debug|Any CPU.ActiveCfg = Debug|x86
		{2478DBB9-210E-4D55-A563-1E610AA8C531}.Debug|ARM.ActiveCfg = Debug|ARM
		{2478DBB9-210E-4D55-A563-1E610AA8C531}.Debug|ARM.Build.0 = Debug|ARM
		{2478DBB9-210E-4D55-A563-1E610AA8C531}.Debug|ARM.Deploy.0 = Debug|ARM
		{2478DBB9-210E-4D55-A563-1E610AA8C531}.Debug|iPhone.ActiveCfg = Debug|x86
		{2478DBB9-210E-4D55-A563-1E610AA8C531}.Debug|iPhoneSimulator.ActiveCfg = Debug|x86
		{2478DBB9-210E-4D55-A563-1E610AA8C531}.Debug|x64.ActiveCfg = Debug|x64
		{2478DBB9-210E-4D55-A563-1E610AA8C531}.Debug|x64.Build.0 = Debug|x64
		{2478DBB9-210E-4D55-A563-1E610AA8C531}.Debug|x64.Deploy.0 = Debug|x64
		{2478DBB9-210E-4D55-A563-1E610AA8C531}.Debug|x86.ActiveCfg = Debug|x86
		{2478DBB9-210E-4D55-A563-1E610AA8C531}.Debug|x86.Build.0 = Debug|x86
		{2478DBB9-210E-4D55-A563-1E610AA8C531}.Debug|x86.Deploy.0 = Debug|x86
		{2478DBB9-210E-4D55-A563-1E610AA8C531}.Release|Any CPU.ActiveCfg = Release|x86
		{2478DBB9-210E-4D55-A563-1E610AA8C531}.Release|ARM.ActiveCfg = Release|ARM
		{2478DBB9-210E-4D55-A563-1E610AA8C531}.Release|ARM.Build.0 = Release|ARM
		{2478DBB9-210E-4D55-A563-1E610AA8C531}.Release|ARM.Deploy.0 = Release|ARM
		{2478DBB9-210E-4D55-A563-1E610AA8C531}.Release|iPhone.ActiveCfg = Release|x86
		{2478DBB9-210E-4D55-A563-1E610AA8C531}.Release|iPhoneSimulator.ActiveCfg = Release|x86
		{2478DBB9-210E-4D55-A563-1E610AA8C531}.Release|x64.ActiveCfg = Release|x64
		{2478DBB9-210E-4D55-A563-1E610AA8C531}.Release|x64.Build.0 = Release|x64
		{2478DBB9-210E-4D55-A563-1E610AA8C531}.Release|x64.Deploy.0 = Release|x64
		{2478DBB9-210E-4D55-A563-1E610AA8C531}.Release|x86.ActiveCfg = Release|x86
		{2478DBB9-210E-4D55-A563-1E610AA8C531}.Release|x86.Build.0 = Release|x86
		{2478DBB9-210E-4D55-A563-1E610AA8C531}.Release|x86.Deploy.0 = Release|x86
		{61DAD627-1A3A-4E1D-B1E3-8CB30ECF749A}.Ad-Hoc|Any CPU.ActiveCfg = Release|Any CPU
		{61DAD627-1A3A-4E1D-B1E3-8CB30ECF749A}.Ad-Hoc|Any CPU.Build.0 = Release|Any CPU
		{61DAD627-1A3A-4E1D-B1E3-8CB30ECF749A}.Ad-Hoc|Any CPU.Deploy.0 = Release|Any CPU
		{61DAD627-1A3A-4E1D-B1E3-8CB30ECF749A}.Ad-Hoc|ARM.ActiveCfg = Release|ARM
		{61DAD627-1A3A-4E1D-B1E3-8CB30ECF749A}.Ad-Hoc|ARM.Build.0 = Release|ARM
		{61DAD627-1A3A-4E1D-B1E3-8CB30ECF749A}.Ad-Hoc|ARM.Deploy.0 = Release|ARM
		{61DAD627-1A3A-4E1D-B1E3-8CB30ECF749A}.Ad-Hoc|iPhone.ActiveCfg = Release|Any CPU
		{61DAD627-1A3A-4E1D-B1E3-8CB30ECF749A}.Ad-Hoc|iPhone.Build.0 = Release|Any CPU
		{61DAD627-1A3A-4E1D-B1E3-8CB30ECF749A}.Ad-Hoc|iPhone.Deploy.0 = Release|Any CPU
		{61DAD627-1A3A-4E1D-B1E3-8CB30ECF749A}.Ad-Hoc|iPhoneSimulator.ActiveCfg = Release|Any CPU
		{61DAD627-1A3A-4E1D-B1E3-8CB30ECF749A}.Ad-Hoc|iPhoneSimulator.Build.0 = Release|Any CPU
		{61DAD627-1A3A-4E1D-B1E3-8CB30ECF749A}.Ad-Hoc|iPhoneSimulator.Deploy.0 = Release|Any CPU
		{61DAD627-1A3A-4E1D-B1E3-8CB30ECF749A}.Ad-Hoc|x64.ActiveCfg = Release|x64
		{61DAD627-1A3A-4E1D-B1E3-8CB30ECF749A}.Ad-Hoc|x64.Build.0 = Release|x64
		{61DAD627-1A3A-4E1D-B1E3-8CB30ECF749A}.Ad-Hoc|x64.Deploy.0 = Release|x64
		{61DAD627-1A3A-4E1D-B1E3-8CB30ECF749A}.Ad-Hoc|x86.ActiveCfg = Release|x86
		{61DAD627-1A3A-4E1D-B1E3-8CB30ECF749A}.Ad-Hoc|x86.Build.0 = Release|x86
		{61DAD627-1A3A-4E1D-B1E3-8CB30ECF749A}.Ad-Hoc|x86.Deploy.0 = Release|x86
		{61DAD627-1A3A-4E1D-B1E3-8CB30ECF749A}.AppStore|Any CPU.ActiveCfg = Release|Any CPU
		{61DAD627-1A3A-4E1D-B1E3-8CB30ECF749A}.AppStore|Any CPU.Build.0 = Release|Any CPU
		{61DAD627-1A3A-4E1D-B1E3-8CB30ECF749A}.AppStore|Any CPU.Deploy.0 = Release|Any CPU
		{61DAD627-1A3A-4E1D-B1E3-8CB30ECF749A}.AppStore|ARM.ActiveCfg = Release|ARM
		{61DAD627-1A3A-4E1D-B1E3-8CB30ECF749A}.AppStore|ARM.Build.0 = Release|ARM
		{61DAD627-1A3A-4E1D-B1E3-8CB30ECF749A}.AppStore|ARM.Deploy.0 = Release|ARM
		{61DAD627-1A3A-4E1D-B1E3-8CB30ECF749A}.AppStore|iPhone.ActiveCfg = Release|Any CPU
		{61DAD627-1A3A-4E1D-B1E3-8CB30ECF749A}.AppStore|iPhone.Build.0 = Release|Any CPU
		{61DAD627-1A3A-4E1D-B1E3-8CB30ECF749A}.AppStore|iPhone.Deploy.0 = Release|Any CPU
		{61DAD627-1A3A-4E1D-B1E3-8CB30ECF749A}.AppStore|iPhoneSimulator.ActiveCfg = Release|Any CPU
		{61DAD627-1A3A-4E1D-B1E3-8CB30ECF749A}.AppStore|iPhoneSimulator.Build.0 = Release|Any CPU
		{61DAD627-1A3A-4E1D-B1E3-8CB30ECF749A}.AppStore|iPhoneSimulator.Deploy.0 = Release|Any CPU
		{61DAD627-1A3A-4E1D-B1E3-8CB30ECF749A}.AppStore|x64.ActiveCfg = Release|x64
		{61DAD627-1A3A-4E1D-B1E3-8CB30ECF749A}.AppStore|x64.Build.0 = Release|x64
		{61DAD627-1A3A-4E1D-B1E3-8CB30ECF749A}.AppStore|x64.Deploy.0 = Release|x64
		{61DAD627-1A3A-4E1D-B1E3-8CB30ECF749A}.AppStore|x86.ActiveCfg = Release|x86
		{61DAD627-1A3A-4E1D-B1E3-8CB30ECF749A}.AppStore|x86.Build.0 = Release|x86
		{61DAD627-1A3A-4E1D-B1E3-8CB30ECF749A}.AppStore|x86.Deploy.0 = Release|x86
		{61DAD627-1A3A-4E1D-B1E3-8CB30ECF749A}.Debug|Any CPU.ActiveCfg = Debug|Any CPU
		{61DAD627-1A3A-4E1D-B1E3-8CB30ECF749A}.Debug|Any CPU.Build.0 = Debug|Any CPU
		{61DAD627-1A3A-4E1D-B1E3-8CB30ECF749A}.Debug|Any CPU.Deploy.0 = Debug|Any CPU
		{61DAD627-1A3A-4E1D-B1E3-8CB30ECF749A}.Debug|ARM.ActiveCfg = Debug|ARM
		{61DAD627-1A3A-4E1D-B1E3-8CB30ECF749A}.Debug|ARM.Build.0 = Debug|ARM
		{61DAD627-1A3A-4E1D-B1E3-8CB30ECF749A}.Debug|ARM.Deploy.0 = Debug|ARM
		{61DAD627-1A3A-4E1D-B1E3-8CB30ECF749A}.Debug|iPhone.ActiveCfg = Debug|Any CPU
		{61DAD627-1A3A-4E1D-B1E3-8CB30ECF749A}.Debug|iPhone.Build.0 = Debug|Any CPU
		{61DAD627-1A3A-4E1D-B1E3-8CB30ECF749A}.Debug|iPhone.Deploy.0 = Debug|Any CPU
		{61DAD627-1A3A-4E1D-B1E3-8CB30ECF749A}.Debug|iPhoneSimulator.ActiveCfg = Debug|Any CPU
		{61DAD627-1A3A-4E1D-B1E3-8CB30ECF749A}.Debug|iPhoneSimulator.Build.0 = Debug|Any CPU
		{61DAD627-1A3A-4E1D-B1E3-8CB30ECF749A}.Debug|iPhoneSimulator.Deploy.0 = Debug|Any CPU
		{61DAD627-1A3A-4E1D-B1E3-8CB30ECF749A}.Debug|x64.ActiveCfg = Debug|x64
		{61DAD627-1A3A-4E1D-B1E3-8CB30ECF749A}.Debug|x64.Build.0 = Debug|x64
		{61DAD627-1A3A-4E1D-B1E3-8CB30ECF749A}.Debug|x64.Deploy.0 = Debug|x64
		{61DAD627-1A3A-4E1D-B1E3-8CB30ECF749A}.Debug|x86.ActiveCfg = Debug|x86
		{61DAD627-1A3A-4E1D-B1E3-8CB30ECF749A}.Debug|x86.Build.0 = Debug|x86
		{61DAD627-1A3A-4E1D-B1E3-8CB30ECF749A}.Debug|x86.Deploy.0 = Debug|x86
		{61DAD627-1A3A-4E1D-B1E3-8CB30ECF749A}.Release|Any CPU.ActiveCfg = Release|Any CPU
		{61DAD627-1A3A-4E1D-B1E3-8CB30ECF749A}.Release|Any CPU.Build.0 = Release|Any CPU
		{61DAD627-1A3A-4E1D-B1E3-8CB30ECF749A}.Release|Any CPU.Deploy.0 = Release|Any CPU
		{61DAD627-1A3A-4E1D-B1E3-8CB30ECF749A}.Release|ARM.ActiveCfg = Release|ARM
		{61DAD627-1A3A-4E1D-B1E3-8CB30ECF749A}.Release|ARM.Build.0 = Release|ARM
		{61DAD627-1A3A-4E1D-B1E3-8CB30ECF749A}.Release|ARM.Deploy.0 = Release|ARM
		{61DAD627-1A3A-4E1D-B1E3-8CB30ECF749A}.Release|iPhone.ActiveCfg = Release|Any CPU
		{61DAD627-1A3A-4E1D-B1E3-8CB30ECF749A}.Release|iPhone.Build.0 = Release|Any CPU
		{61DAD627-1A3A-4E1D-B1E3-8CB30ECF749A}.Release|iPhone.Deploy.0 = Release|Any CPU
		{61DAD627-1A3A-4E1D-B1E3-8CB30ECF749A}.Release|iPhoneSimulator.ActiveCfg = Release|Any CPU
		{61DAD627-1A3A-4E1D-B1E3-8CB30ECF749A}.Release|iPhoneSimulator.Build.0 = Release|Any CPU
		{61DAD627-1A3A-4E1D-B1E3-8CB30ECF749A}.Release|iPhoneSimulator.Deploy.0 = Release|Any CPU
		{61DAD627-1A3A-4E1D-B1E3-8CB30ECF749A}.Release|x64.ActiveCfg = Release|x64
		{61DAD627-1A3A-4E1D-B1E3-8CB30ECF749A}.Release|x64.Build.0 = Release|x64
		{61DAD627-1A3A-4E1D-B1E3-8CB30ECF749A}.Release|x64.Deploy.0 = Release|x64
		{61DAD627-1A3A-4E1D-B1E3-8CB30ECF749A}.Release|x86.ActiveCfg = Release|x86
		{61DAD627-1A3A-4E1D-B1E3-8CB30ECF749A}.Release|x86.Build.0 = Release|x86
		{61DAD627-1A3A-4E1D-B1E3-8CB30ECF749A}.Release|x86.Deploy.0 = Release|x86
		{4B0374C8-1C1B-4B78-A36B-384935FD3712}.Ad-Hoc|Any CPU.ActiveCfg = Release|Any CPU
		{4B0374C8-1C1B-4B78-A36B-384935FD3712}.Ad-Hoc|Any CPU.Build.0 = Release|Any CPU
		{4B0374C8-1C1B-4B78-A36B-384935FD3712}.Ad-Hoc|ARM.ActiveCfg = Release|Any CPU
		{4B0374C8-1C1B-4B78-A36B-384935FD3712}.Ad-Hoc|ARM.Build.0 = Release|Any CPU
		{4B0374C8-1C1B-4B78-A36B-384935FD3712}.Ad-Hoc|iPhone.ActiveCfg = Release|Any CPU
		{4B0374C8-1C1B-4B78-A36B-384935FD3712}.Ad-Hoc|iPhone.Build.0 = Release|Any CPU
		{4B0374C8-1C1B-4B78-A36B-384935FD3712}.Ad-Hoc|iPhoneSimulator.ActiveCfg = Release|Any CPU
		{4B0374C8-1C1B-4B78-A36B-384935FD3712}.Ad-Hoc|iPhoneSimulator.Build.0 = Release|Any CPU
		{4B0374C8-1C1B-4B78-A36B-384935FD3712}.Ad-Hoc|x64.ActiveCfg = Release|Any CPU
		{4B0374C8-1C1B-4B78-A36B-384935FD3712}.Ad-Hoc|x64.Build.0 = Release|Any CPU
		{4B0374C8-1C1B-4B78-A36B-384935FD3712}.Ad-Hoc|x86.ActiveCfg = Release|Any CPU
		{4B0374C8-1C1B-4B78-A36B-384935FD3712}.Ad-Hoc|x86.Build.0 = Release|Any CPU
		{4B0374C8-1C1B-4B78-A36B-384935FD3712}.AppStore|Any CPU.ActiveCfg = Release|Any CPU
		{4B0374C8-1C1B-4B78-A36B-384935FD3712}.AppStore|Any CPU.Build.0 = Release|Any CPU
		{4B0374C8-1C1B-4B78-A36B-384935FD3712}.AppStore|ARM.ActiveCfg = Release|Any CPU
		{4B0374C8-1C1B-4B78-A36B-384935FD3712}.AppStore|ARM.Build.0 = Release|Any CPU
		{4B0374C8-1C1B-4B78-A36B-384935FD3712}.AppStore|iPhone.ActiveCfg = Release|Any CPU
		{4B0374C8-1C1B-4B78-A36B-384935FD3712}.AppStore|iPhone.Build.0 = Release|Any CPU
		{4B0374C8-1C1B-4B78-A36B-384935FD3712}.AppStore|iPhoneSimulator.ActiveCfg = Release|Any CPU
		{4B0374C8-1C1B-4B78-A36B-384935FD3712}.AppStore|iPhoneSimulator.Build.0 = Release|Any CPU
		{4B0374C8-1C1B-4B78-A36B-384935FD3712}.AppStore|x64.ActiveCfg = Release|Any CPU
		{4B0374C8-1C1B-4B78-A36B-384935FD3712}.AppStore|x64.Build.0 = Release|Any CPU
		{4B0374C8-1C1B-4B78-A36B-384935FD3712}.AppStore|x86.ActiveCfg = Release|Any CPU
		{4B0374C8-1C1B-4B78-A36B-384935FD3712}.AppStore|x86.Build.0 = Release|Any CPU
		{4B0374C8-1C1B-4B78-A36B-384935FD3712}.Debug|Any CPU.ActiveCfg = Debug|Any CPU
		{4B0374C8-1C1B-4B78-A36B-384935FD3712}.Debug|Any CPU.Build.0 = Debug|Any CPU
		{4B0374C8-1C1B-4B78-A36B-384935FD3712}.Debug|ARM.ActiveCfg = Debug|Any CPU
		{4B0374C8-1C1B-4B78-A36B-384935FD3712}.Debug|ARM.Build.0 = Debug|Any CPU
		{4B0374C8-1C1B-4B78-A36B-384935FD3712}.Debug|iPhone.ActiveCfg = Debug|Any CPU
		{4B0374C8-1C1B-4B78-A36B-384935FD3712}.Debug|iPhone.Build.0 = Debug|Any CPU
		{4B0374C8-1C1B-4B78-A36B-384935FD3712}.Debug|iPhoneSimulator.ActiveCfg = Debug|Any CPU
		{4B0374C8-1C1B-4B78-A36B-384935FD3712}.Debug|iPhoneSimulator.Build.0 = Debug|Any CPU
		{4B0374C8-1C1B-4B78-A36B-384935FD3712}.Debug|x64.ActiveCfg = Debug|Any CPU
		{4B0374C8-1C1B-4B78-A36B-384935FD3712}.Debug|x64.Build.0 = Debug|Any CPU
		{4B0374C8-1C1B-4B78-A36B-384935FD3712}.Debug|x86.ActiveCfg = Debug|Any CPU
		{4B0374C8-1C1B-4B78-A36B-384935FD3712}.Debug|x86.Build.0 = Debug|Any CPU
		{4B0374C8-1C1B-4B78-A36B-384935FD3712}.Release|Any CPU.ActiveCfg = Release|Any CPU
		{4B0374C8-1C1B-4B78-A36B-384935FD3712}.Release|Any CPU.Build.0 = Release|Any CPU
		{4B0374C8-1C1B-4B78-A36B-384935FD3712}.Release|ARM.ActiveCfg = Release|Any CPU
		{4B0374C8-1C1B-4B78-A36B-384935FD3712}.Release|ARM.Build.0 = Release|Any CPU
		{4B0374C8-1C1B-4B78-A36B-384935FD3712}.Release|iPhone.ActiveCfg = Release|Any CPU
		{4B0374C8-1C1B-4B78-A36B-384935FD3712}.Release|iPhone.Build.0 = Release|Any CPU
		{4B0374C8-1C1B-4B78-A36B-384935FD3712}.Release|iPhoneSimulator.ActiveCfg = Release|Any CPU
		{4B0374C8-1C1B-4B78-A36B-384935FD3712}.Release|iPhoneSimulator.Build.0 = Release|Any CPU
		{4B0374C8-1C1B-4B78-A36B-384935FD3712}.Release|x64.ActiveCfg = Release|Any CPU
		{4B0374C8-1C1B-4B78-A36B-384935FD3712}.Release|x64.Build.0 = Release|Any CPU
		{4B0374C8-1C1B-4B78-A36B-384935FD3712}.Release|x86.ActiveCfg = Release|Any CPU
		{4B0374C8-1C1B-4B78-A36B-384935FD3712}.Release|x86.Build.0 = Release|Any CPU
	EndGlobalSection
	GlobalSection(SolutionProperties) = preSolution
		HideSolutionNode = FALSE
	EndGlobalSection
EndGlobal
